# THIS IS AN AUTOGENERATED FILE. DO NOT EDIT THIS FILE DIRECTLY.
# yarn lockfile v1


"@babel/runtime@^7.12.5":
  version "7.21.5"
  resolved "https://registry.yarnpkg.com/@babel/runtime/-/runtime-7.21.5.tgz#8492dddda9644ae3bda3b45eabe87382caee7200"
  integrity sha512-8jI69toZqqcsnqGGqwGS4Qb1VwLOEp4hz+CXPywcvjs60u3B4Pom/U/7rm4W8tMOYEB+E9wgD0mW1l3r8qlI9Q==
  dependencies:
    regenerator-runtime "^0.13.11"

"@component-family/react@^0.1.1":
  version "0.1.2"
  resolved "https://registry.yarnpkg.com/@component-family/react/-/react-0.1.2.tgz#52cff0d723136981ff7eb592a2332a3af4e50d96"
  integrity sha512-NvojrF77DU4Y7nL4GOhJSRqV7lZGtyp5j+F3W1AqELthLWHJh5k+UDeWfQLLX6vtPcmNbA+B/4P7n+LrLDpU8Q==
  dependencies:
    react-error-boundary "^4.0.3"

"@types/prop-types@*":
  version "15.7.5"
  resolved "https://registry.yarnpkg.com/@types/prop-types/-/prop-types-15.7.5.tgz#5f19d2b85a98e9558036f6a3cacc8819420f05cf"
  integrity sha512-JCB8C6SnDoQf0cNycqd/35A7MjcnK+ZTqE7judS6o7utxUCg6imJg3QK2qzHKszlTjcj2cn+NwMB2i96ubpj7w==

"@types/react@^18.2.5":
  version "18.2.5"
  resolved "https://registry.yarnpkg.com/@types/react/-/react-18.2.5.tgz#f9403e1113b12b53f7edcdd9a900c10dd4b49a59"
  integrity sha512-RuoMedzJ5AOh23Dvws13LU9jpZHIc/k90AgmK7CecAYeWmSr3553L4u5rk4sWAPBuQosfT7HmTfG4Rg5o4nGEA==
  dependencies:
    "@types/prop-types" "*"
    "@types/scheduler" "*"
    csstype "^3.0.2"

"@types/scheduler@*":
  version "0.16.3"
  resolved "https://registry.yarnpkg.com/@types/scheduler/-/scheduler-0.16.3.tgz#cef09e3ec9af1d63d2a6cc5b383a737e24e6dcf5"
  integrity sha512-5cJ8CB4yAx7BH1oMvdU0Jh9lrEXyPkar6F9G/ERswkCuvP4KQZfZkSjcMbAICCpQTN4OuZn8tz0HiKv9TGZgrQ==

csstype@^3.0.2:
  version "3.1.2"
  resolved "https://registry.yarnpkg.com/csstype/-/csstype-3.1.2.tgz#1d4bf9d572f11c14031f0436e1c10bc1f571f50b"
  integrity sha512-I7K1Uu0MBPzaFKg4nI5Q7Vs2t+3gWWW648spaF+Rg7pI9ds18Ugn+lvg4SHczUdKlHI5LWBXyqfS8+DufyBsgQ==

react-error-boundary@^4.0.3:
  version "4.0.4"
  resolved "https://registry.yarnpkg.com/react-error-boundary/-/react-error-boundary-4.0.4.tgz#d2e84505b0a67cec7a6bf33b0146faadfe31597d"
  integrity sha512-AbqMFx8bCsob8rCHZvJYQ42MQijK0/034RUvan9qrqyJCpazr8d9vKHrysbxcr6odoHLZvQEcYomFPoIqH9fow==
  dependencies:
    "@babel/runtime" "^7.12.5"

regenerator-runtime@^0.13.11:
  version "0.13.11"
  resolved "https://registry.yarnpkg.com/regenerator-runtime/-/regenerator-runtime-0.13.11.tgz#f6dca3e7ceec20590d07ada785636a90cdca17f9"
  integrity sha512-kY1AZVr2Ra+t+piVaJ4gxaFaReZVH40AKNo7UCX6W+dEwBo/2oZJzqfuN1qLq1oL45o56cPaTXELwrTh8Fpggg==
